
Microsoft Visual Studio Solution File, Format Version 12.00
# Visual Studio Version 17
VisualStudioVersion = 17.8.34316.72
MinimumVisualStudioVersion = 10.0.40219.1
Project("{FAE04EC0-301F-11D3-BF4B-00C04F79EFBC}") = "Game1.1", "Game1.1\Game1.1.csproj", "{B303DC83-0040-44A3-94F1-53CBBBB8C6F9}"
EndProject
Global
	GlobalSection(SolutionConfigurationPlatforms) = preSolution
		Debug|Any CPU = Debug|Any CPU
		Release|Any CPU = Release|Any CPU
	EndGlobalSection
	GlobalSection(ProjectConfigurationPlatforms) = postSolution
		{B303DC83-0040-44A3-94F1-53CBBBB8C6F9}.Debug|Any CPU.ActiveCfg = Debug|Any CPU
		{B303DC83-0040-44A3-94F1-53CBBBB8C6F9}.Debug|Any CPU.Build.0 = Debug|Any CPU
		{B303DC83-0040-44A3-94F1-53CBBBB8C6F9}.Release|Any CPU.ActiveCfg = Release|Any CPU
		{B303DC83-0040-44A3-94F1-53CBBBB8C6F9}.Release|Any CPU.Build.0 = Release|Any CPU
	EndGlobalSection
	GlobalSection(SolutionProperties) = preSolution
		HideSolutionNode = FALSE
	EndGlobalSection
	GlobalSection(ExtensibilityGlobals) = postSolution
		SolutionGuid = {DE222564-D6EB-4428-BF40-9595973661FC}
	EndGlobalSection
EndGlobal
